
Microsoft Visual Studio Solution File, Format Version 12.00
# Visual Studio 2013
VisualStudioVersion = 12.0.30723.0
MinimumVisualStudioVersion = 10.0.40219.1
Project("{FAE04EC0-301F-11D3-BF4B-00C04F79EFBC}") = "UI", "UI\UI.csproj", "{A8E87530-CCEA-4ACD-A29E-127790A292D7}"
EndProject
Project("{FAE04EC0-301F-11D3-BF4B-00C04F79EFBC}") = "DAL", "DAL\DAL.csproj", "{C249D3DC-D316-4BD9-83FF-3656B4A47009}"
EndProject
Project("{FAE04EC0-301F-11D3-BF4B-00C04F79EFBC}") = "Entity", "ENTITY\Entity.csproj", "{C9EC46AC-0DA9-4FC4-A98C-6061619B88CA}"
EndProject
Project("{FAE04EC0-301F-11D3-BF4B-00C04F79EFBC}") = "IDal", "IDAL\IDal.csproj", "{A9C3C9FB-8C15-4F98-BCEB-75575362E2B1}"
EndProject
Project("{FAE04EC0-301F-11D3-BF4B-00C04F79EFBC}") = "BLL", "BLL\BLL.csproj", "{FDB82B7D-EDA3-4516-A355-C895E3D80F52}"
EndProject
Project("{FAE04EC0-301F-11D3-BF4B-00C04F79EFBC}") = "Global", "GLOBAL\Global.csproj", "{BC787DD9-49F1-437F-9F07-C7CB0185669D}"
EndProject
Project("{FAE04EC0-301F-11D3-BF4B-00C04F79EFBC}") = "BLLEntity", "BLLEntity\BLLEntity.csproj", "{F842F3CC-44A1-487F-8348-1F55F2BA0143}"
EndProject
Project("{FAE04EC0-301F-11D3-BF4B-00C04F79EFBC}") = "UCControl", "UCControl\UCControl.csproj", "{3C389310-66F6-4941-9B17-24A79FE006F2}"
EndProject
Project("{FAE04EC0-301F-11D3-BF4B-00C04F79EFBC}") = "Obj", "Object\Obj.csproj", "{554FC5C1-FF95-4C36-88AD-664091576288}"
EndProject
Project("{FAE04EC0-301F-11D3-BF4B-00C04F79EFBC}") = "EFModule", "EFModule\EFModule.csproj", "{59E199AE-35CE-439B-923E-40855D779FBF}"
EndProject
Global
	GlobalSection(SolutionConfigurationPlatforms) = preSolution
		Debug|Any CPU = Debug|Any CPU
		Release|Any CPU = Release|Any CPU
	EndGlobalSection
	GlobalSection(ProjectConfigurationPlatforms) = postSolution
		{A8E87530-CCEA-4ACD-A29E-127790A292D7}.Debug|Any CPU.ActiveCfg = Debug|Any CPU
		{A8E87530-CCEA-4ACD-A29E-127790A292D7}.Debug|Any CPU.Build.0 = Debug|Any CPU
		{A8E87530-CCEA-4ACD-A29E-127790A292D7}.Release|Any CPU.ActiveCfg = Release|Any CPU
		{A8E87530-CCEA-4ACD-A29E-127790A292D7}.Release|Any CPU.Build.0 = Release|Any CPU
		{C249D3DC-D316-4BD9-83FF-3656B4A47009}.Debug|Any CPU.ActiveCfg = Debug|Any CPU
		{C249D3DC-D316-4BD9-83FF-3656B4A47009}.Debug|Any CPU.Build.0 = Debug|Any CPU
		{C249D3DC-D316-4BD9-83FF-3656B4A47009}.Release|Any CPU.ActiveCfg = Release|Any CPU
		{C249D3DC-D316-4BD9-83FF-3656B4A47009}.Release|Any CPU.Build.0 = Release|Any CPU
		{C9EC46AC-0DA9-4FC4-A98C-6061619B88CA}.Debug|Any CPU.ActiveCfg = Debug|Any CPU
		{C9EC46AC-0DA9-4FC4-A98C-6061619B88CA}.Debug|Any CPU.Build.0 = Debug|Any CPU
		{C9EC46AC-0DA9-4FC4-A98C-6061619B88CA}.Release|Any CPU.ActiveCfg = Release|Any CPU
		{C9EC46AC-0DA9-4FC4-A98C-6061619B88CA}.Release|Any CPU.Build.0 = Release|Any CPU
		{A9C3C9FB-8C15-4F98-BCEB-75575362E2B1}.Debug|Any CPU.ActiveCfg = Debug|Any CPU
		{A9C3C9FB-8C15-4F98-BCEB-75575362E2B1}.Debug|Any CPU.Build.0 = Debug|Any CPU
		{A9C3C9FB-8C15-4F98-BCEB-75575362E2B1}.Release|Any CPU.ActiveCfg = Release|Any CPU
		{A9C3C9FB-8C15-4F98-BCEB-75575362E2B1}.Release|Any CPU.Build.0 = Release|Any CPU
		{FDB82B7D-EDA3-4516-A355-C895E3D80F52}.Debug|Any CPU.ActiveCfg = Debug|Any CPU
		{FDB82B7D-EDA3-4516-A355-C895E3D80F52}.Debug|Any CPU.Build.0 = Debug|Any CPU
		{FDB82B7D-EDA3-4516-A355-C895E3D80F52}.Release|Any CPU.ActiveCfg = Release|Any CPU
		{FDB82B7D-EDA3-4516-A355-C895E3D80F52}.Release|Any CPU.Build.0 = Release|Any CPU
		{BC787DD9-49F1-437F-9F07-C7CB0185669D}.Debug|Any CPU.ActiveCfg = Debug|Any CPU
		{BC787DD9-49F1-437F-9F07-C7CB0185669D}.Debug|Any CPU.Build.0 = Debug|Any CPU
		{BC787DD9-49F1-437F-9F07-C7CB0185669D}.Release|Any CPU.ActiveCfg = Release|Any CPU
		{BC787DD9-49F1-437F-9F07-C7CB0185669D}.Release|Any CPU.Build.0 = Release|Any CPU
		{F842F3CC-44A1-487F-8348-1F55F2BA0143}.Debug|Any CPU.ActiveCfg = Debug|Any CPU
		{F842F3CC-44A1-487F-8348-1F55F2BA0143}.Debug|Any CPU.Build.0 = Debug|Any CPU
		{F842F3CC-44A1-487F-8348-1F55F2BA0143}.Release|Any CPU.ActiveCfg = Release|Any CPU
		{F842F3CC-44A1-487F-8348-1F55F2BA0143}.Release|Any CPU.Build.0 = Release|Any CPU
		{3C389310-66F6-4941-9B17-24A79FE006F2}.Debug|Any CPU.ActiveCfg = Debug|Any CPU
		{3C389310-66F6-4941-9B17-24A79FE006F2}.Debug|Any CPU.Build.0 = Debug|Any CPU
		{3C389310-66F6-4941-9B17-24A79FE006F2}.Release|Any CPU.ActiveCfg = Release|Any CPU
		{3C389310-66F6-4941-9B17-24A79FE006F2}.Release|Any CPU.Build.0 = Release|Any CPU
		{554FC5C1-FF95-4C36-88AD-664091576288}.Debug|Any CPU.ActiveCfg = Debug|Any CPU
		{554FC5C1-FF95-4C36-88AD-664091576288}.Debug|Any CPU.Build.0 = Debug|Any CPU
		{554FC5C1-FF95-4C36-88AD-664091576288}.Release|Any CPU.ActiveCfg = Release|Any CPU
		{554FC5C1-FF95-4C36-88AD-664091576288}.Release|Any CPU.Build.0 = Release|Any CPU
		{59E199AE-35CE-439B-923E-40855D779FBF}.Debug|Any CPU.ActiveCfg = Debug|Any CPU
		{59E199AE-35CE-439B-923E-40855D779FBF}.Debug|Any CPU.Build.0 = Debug|Any CPU
		{59E199AE-35CE-439B-923E-40855D779FBF}.Release|Any CPU.ActiveCfg = Release|Any CPU
		{59E199AE-35CE-439B-923E-40855D779FBF}.Release|Any CPU.Build.0 = Release|Any CPU
	EndGlobalSection
	GlobalSection(SolutionProperties) = preSolution
		HideSolutionNode = FALSE
	EndGlobalSection
EndGlobal
